// !$*UTF8*$!
{
	archiveVersion = 1;
	classes = {
	};
	objectVersion = 56;
	objects = {

/* Begin PBXBuildFile section */
		519A95CF28E0B4CD001A1C74 /* SpeakUpApp.swift in Sources */ = {isa = PBXBuildFile; fileRef = 519A95CE28E0B4CD001A1C74 /* SpeakUpApp.swift */; };
		519A95D128E0B4CD001A1C74 /* ContentView.swift in Sources */ = {isa = PBXBuildFile; fileRef = 519A95D028E0B4CD001A1C74 /* ContentView.swift */; };
		519A95D328E0B4CE001A1C74 /* Assets.xcassets in Resources */ = {isa = PBXBuildFile; fileRef = 519A95D228E0B4CE001A1C74 /* Assets.xcassets */; };
		519A95D628E0B4CE001A1C74 /* Preview Assets.xcassets in Resources */ = {isa = PBXBuildFile; fileRef = 519A95D528E0B4CE001A1C74 /* Preview Assets.xcassets */; };
		519A95DD28E0B51C001A1C74 /* Recording.swift in Sources */ = {isa = PBXBuildFile; fileRef = 519A95DC28E0B51C001A1C74 /* Recording.swift */; };
		519A95DF28E0B5C6001A1C74 /* DataController.swift in Sources */ = {isa = PBXBuildFile; fileRef = 519A95DE28E0B5C6001A1C74 /* DataController.swift */; };
		519A95E128E0B8BA001A1C74 /* RecordingView.swift in Sources */ = {isa = PBXBuildFile; fileRef = 519A95E028E0B8BA001A1C74 /* RecordingView.swift */; };
		519A95E328E0B9B3001A1C74 /* Recorder.swift in Sources */ = {isa = PBXBuildFile; fileRef = 519A95E228E0B9B3001A1C74 /* Recorder.swift */; };
		519A95E528E0BEBD001A1C74 /* NewRecordingView.swift in Sources */ = {isa = PBXBuildFile; fileRef = 519A95E428E0BEBD001A1C74 /* NewRecordingView.swift */; };
		519A95E728E0C0EE001A1C74 /* PlaybackView.swift in Sources */ = {isa = PBXBuildFile; fileRef = 519A95E628E0C0EE001A1C74 /* PlaybackView.swift */; };
/* End PBXBuildFile section */

/* Begin PBXFileReference section */
		519A95CB28E0B4CD001A1C74 /* SpeakUp.app */ = {isa = PBXFileReference; explicitFileType = wrapper.application; includeInIndex = 0; path = SpeakUp.app; sourceTree = BUILT_PRODUCTS_DIR; };
		519A95CE28E0B4CD001A1C74 /* SpeakUpApp.swift */ = {isa = PBXFileReference; lastKnownFileType = sourcecode.swift; path = SpeakUpApp.swift; sourceTree = "<group>"; };
		519A95D028E0B4CD001A1C74 /* ContentView.swift */ = {isa = PBXFileReference; lastKnownFileType = sourcecode.swift; path = ContentView.swift; sourceTree = "<group>"; };
		519A95D228E0B4CE001A1C74 /* Assets.xcassets */ = {isa = PBXFileReference; lastKnownFileType = folder.assetcatalog; path = Assets.xcassets; sourceTree = "<group>"; };
		519A95D528E0B4CE001A1C74 /* Preview Assets.xcassets */ = {isa = PBXFileReference; lastKnownFileType = folder.assetcatalog; path = "Preview Assets.xcassets"; sourceTree = "<group>"; };
		519A95DC28E0B51C001A1C74 /* Recording.swift */ = {isa = PBXFileReference; lastKnownFileType = sourcecode.swift; path = Recording.swift; sourceTree = "<group>"; };
		519A95DE28E0B5C6001A1C74 /* DataController.swift */ = {isa = PBXFileReference; lastKnownFileType = sourcecode.swift; path = DataController.swift; sourceTree = "<group>"; };
		519A95E028E0B8BA001A1C74 /* RecordingView.swift */ = {isa = PBXFileReference; lastKnownFileType = sourcecode.swift; path = RecordingView.swift; sourceTree = "<group>"; };
		519A95E228E0B9B3001A1C74 /* Recorder.swift */ = {isa = PBXFileReference; lastKnownFileType = sourcecode.swift; path = Recorder.swift; sourceTree = "<group>"; };
		519A95E428E0BEBD001A1C74 /* NewRecordingView.swift */ = {isa = PBXFileReference; lastKnownFileType = sourcecode.swift; path = NewRecordingView.swift; sourceTree = "<group>"; };
		519A95E628E0C0EE001A1C74 /* PlaybackView.swift */ = {isa = PBXFileReference; lastKnownFileType = sourcecode.swift; path = PlaybackView.swift; sourceTree = "<group>"; };
		AB5A7E5F2D52351D000FB16B /* README.md */ = {isa = PBXFileReference; lastKnownFileType = net.daringfireball.markdown; path = README.md; sourceTree = "<group>"; };
/* End PBXFileReference section */

/* Begin PBXFrameworksBuildPhase section */
		519A95C828E0B4CD001A1C74 /* Frameworks */ = {
			isa = PBXFrameworksBuildPhase;
			buildActionMask = 2147483647;
			files = (
			);
			runOnlyForDeploymentPostprocessing = 0;
		};
/* End PBXFrameworksBuildPhase section */

/* Begin PBXGroup section */
		519A95C228E0B4CD001A1C74 = {
			isa = PBXGroup;
			children = (
				AB5A7E5F2D52351D000FB16B /* README.md */,
				519A95CD28E0B4CD001A1C74 /* SpeakUp */,
				519A95CC28E0B4CD001A1C74 /* Products */,
			);
			sourceTree = "<group>";
		};
		519A95CC28E0B4CD001A1C74 /* Products */ = {
			isa = PBXGroup;
			children = (
				519A95CB28E0B4CD001A1C74 /* SpeakUp.app */,
			);
			name = Products;
			sourceTree = "<group>";
		};
		519A95CD28E0B4CD001A1C74 /* SpeakUp */ = {
			isa = PBXGroup;
			children = (
				519A95CE28E0B4CD001A1C74 /* SpeakUpApp.swift */,
				519A95D028E0B4CD001A1C74 /* ContentView.swift */,
				519A95E628E0C0EE001A1C74 /* PlaybackView.swift */,
				519A95E228E0B9B3001A1C74 /* Recorder.swift */,
				519A95E428E0BEBD001A1C74 /* NewRecordingView.swift */,
				519A95E028E0B8BA001A1C74 /* RecordingView.swift */,
				519A95DC28E0B51C001A1C74 /* Recording.swift */,
				519A95DE28E0B5C6001A1C74 /* DataController.swift */,
				519A95D228E0B4CE001A1C74 /* Assets.xcassets */,
				519A95D428E0B4CE001A1C74 /* Preview Content */,
			);
			path = SpeakUp;
			sourceTree = "<group>";
		};
		519A95D428E0B4CE001A1C74 /* Preview Content */ = {
			isa = PBXGroup;
			children = (
				519A95D528E0B4CE001A1C74 /* Preview Assets.xcassets */,
			);
			path = "Preview Content";
			sourceTree = "<group>";
		};
/* End PBXGroup section */

/* Begin PBXNativeTarget section */
		519A95CA28E0B4CD001A1C74 /* SpeakUp */ = {
			isa = PBXNativeTarget;
			buildConfigurationList = 519A95D928E0B4CE001A1C74 /* Build configuration list for PBXNativeTarget "SpeakUp" */;
			buildPhases = (
				519A95C728E0B4CD001A1C74 /* Sources */,
				519A95C828E0B4CD001A1C74 /* Frameworks */,
				519A95C928E0B4CD001A1C74 /* Resources */,
			);
			buildRules = (
			);
			dependencies = (
			);
			name = SpeakUp;
			productName = SpeakUp;
			productReference = 519A95CB28E0B4CD001A1C74 /* SpeakUp.app */;
			productType = "com.apple.product-type.application";
		};
/* End PBXNativeTarget section */

/* Begin PBXProject section */
		519A95C328E0B4CD001A1C74 /* Project object */ = {
			isa = PBXProject;
			attributes = {
				BuildIndependentTargetsInParallel = 1;
				LastSwiftUpdateCheck = 1400;
				LastUpgradeCheck = 1400;
				TargetAttributes = {
					519A95CA28E0B4CD001A1C74 = {
						CreatedOnToolsVersion = 14.0;
					};
				};
			};
			buildConfigurationList = 519A95C628E0B4CD001A1C74 /* Build configuration list for PBXProject "SpeakUp" */;
			compatibilityVersion = "Xcode 14.0";
			developmentRegion = en;
			hasScannedForEncodings = 0;
			knownRegions = (
				en,
				Base,
			);
			mainGroup = 519A95C228E0B4CD001A1C74;
			productRefGroup = 519A95CC28E0B4CD001A1C74 /* Products */;
			projectDirPath = "";
			projectRoot = "";
			targets = (
				519A95CA28E0B4CD001A1C74 /* SpeakUp */,
			);
		};
/* End PBXProject section */

/* Begin PBXResourcesBuildPhase section */
		519A95C928E0B4CD001A1C74 /* Resources */ = {
			isa = PBXResourcesBuildPhase;
			buildActionMask = 2147483647;
			files = (
				519A95D628E0B4CE001A1C74 /* Preview Assets.xcassets in Resources */,
				519A95D328E0B4CE001A1C74 /* Assets.xcassets in Resources */,
			);
			runOnlyForDeploymentPostprocessing = 0;
		};
/* End PBXResourcesBuildPhase section */

/* Begin PBXSourcesBuildPhase section */
		519A95C728E0B4CD001A1C74 /* Sources */ = {
			isa = PBXSourcesBuildPhase;
			buildActionMask = 2147483647;
			files = (
				519A95D128E0B4CD001A1C74 /* ContentView.swift in Sources */,
				519A95E128E0B8BA001A1C74 /* RecordingView.swift in Sources */,
				519A95DF28E0B5C6001A1C74 /* DataController.swift in Sources */,
				519A95E328E0B9B3001A1C74 /* Recorder.swift in Sources */,
				519A95DD28E0B51C001A1C74 /* Recording.swift in Sources */,
				519A95E528E0BEBD001A1C74 /* NewRecordingView.swift in Sources */,
				519A95CF28E0B4CD001A1C74 /* SpeakUpApp.swift in Sources */,
				519A95E728E0C0EE001A1C74 /* PlaybackView.swift in Sources */,
			);
			runOnlyForDeploymentPostprocessing = 0;
		};
/* End PBXSourcesBuildPhase section */

/* Begin XCBuildConfiguration section */
		519A95D728E0B4CE001A1C74 /* Debug */ = {
			isa = XCBuildConfiguration;
			buildSettings = {
				ALWAYS_SEARCH_USER_PATHS = NO;
				CLANG_ANALYZER_NONNULL = YES;
				CLANG_ANALYZER_NUMBER_OBJECT_CONVERSION = YES_AGGRESSIVE;
				CLANG_CXX_LANGUAGE_STANDARD = "gnu++20";
				CLANG_ENABLE_MODULES = YES;
				CLANG_ENABLE_OBJC_ARC = YES;
				CLANG_ENABLE_OBJC_WEAK = YES;
				CLANG_WARN_BLOCK_CAPTURE_AUTORELEASING = YES;
				CLANG_WARN_BOOL_CONVERSION = YES;
				CLANG_WARN_COMMA = YES;
				CLANG_WARN_CONSTANT_CONVERSION = YES;
				CLANG_WARN_DEPRECATED_OBJC_IMPLEMENTATIONS = YES;
				CLANG_WARN_DIRECT_OBJC_ISA_USAGE = YES_ERROR;
				CLANG_WARN_DOCUMENTATION_COMMENTS = YES;
				CLANG_WARN_EMPTY_BODY = YES;
				CLANG_WARN_ENUM_CONVERSION = YES;
				CLANG_WARN_INFINITE_RECURSION = YES;
				CLANG_WARN_INT_CONVERSION = YES;
				CLANG_WARN_NON_LITERAL_NULL_CONVERSION = YES;
				CLANG_WARN_OBJC_IMPLICIT_RETAIN_SELF = YES;
				CLANG_WARN_OBJC_LITERAL_CONVERSION = YES;
				CLANG_WARN_OBJC_ROOT_CLASS = YES_ERROR;
				CLANG_WARN_QUOTED_INCLUDE_IN_FRAMEWORK_HEADER = YES;
				CLANG_WARN_RANGE_LOOP_ANALYSIS = YES;
				CLANG_WARN_STRICT_PROTOTYPES = YES;
				CLANG_WARN_SUSPICIOUS_MOVE = YES;
				CLANG_WARN_UNGUARDED_AVAILABILITY = YES_AGGRESSIVE;
				CLANG_WARN_UNREACHABLE_CODE = YES;
				CLANG_WARN__DUPLICATE_METHOD_MATCH = YES;
				COPY_PHASE_STRIP = NO;
				DEBUG_INFORMATION_FORMAT = dwarf;
				ENABLE_STRICT_OBJC_MSGSEND = YES;
				ENABLE_TESTABILITY = YES;
				GCC_C_LANGUAGE_STANDARD = gnu11;
				GCC_DYNAMIC_NO_PIC = NO;
				GCC_NO_COMMON_BLOCKS = YES;
				GCC_OPTIMIZATION_LEVEL = 0;
				GCC_PREPROCESSOR_DEFINITIONS = (
					"DEBUG=1",
					"$(inherited)",
				);
				GCC_WARN_64_TO_32_BIT_CONVERSION = YES;
				GCC_WARN_ABOUT_RETURN_TYPE = YES_ERROR;
				GCC_WARN_UNDECLARED_SELECTOR = YES;
				GCC_WARN_UNINITIALIZED_AUTOS = YES_AGGRESSIVE;
				GCC_WARN_UNUSED_FUNCTION = YES;
				GCC_WARN_UNUSED_VARIABLE = YES;
				IPHONEOS_DEPLOYMENT_TARGET = 16.0;
				MTL_ENABLE_DEBUG_INFO = INCLUDE_SOURCE;
				MTL_FAST_MATH = YES;
				ONLY_ACTIVE_ARCH = YES;
				SDKROOT = iphoneos;
				SWIFT_ACTIVE_COMPILATION_CONDITIONS = DEBUG;
				SWIFT_OPTIMIZATION_LEVEL = "-Onone";
			};
			name = Debug;
		};
		519A95D828E0B4CE001A1C74 /* Release */ = {
			isa = XCBuildConfiguration;
			buildSettings = {
				ALWAYS_SEARCH_USER_PATHS = NO;
				CLANG_ANALYZER_NONNULL = YES;
				CLANG_ANALYZER_NUMBER_OBJECT_CONVERSION = YES_AGGRESSIVE;
				CLANG_CXX_LANGUAGE_STANDARD = "gnu++20";
				CLANG_ENABLE_MODULES = YES;
				CLANG_ENABLE_OBJC_ARC = YES;
				CLANG_ENABLE_OBJC_WEAK = YES;
				CLANG_WARN_BLOCK_CAPTURE_AUTORELEASING = YES;
				CLANG_WARN_BOOL_CONVERSION = YES;
				CLANG_WARN_COMMA = YES;
				CLANG_WARN_CONSTANT_CONVERSION = YES;
				CLANG_WARN_DEPRECATED_OBJC_IMPLEMENTATIONS = YES;
				CLANG_WARN_DIRECT_OBJC_ISA_USAGE = YES_ERROR;
				CLANG_WARN_DOCUMENTATION_COMMENTS = YES;
				CLANG_WARN_EMPTY_BODY = YES;
				CLANG_WARN_ENUM_CONVERSION = YES;
				CLANG_WARN_INFINITE_RECURSION = YES;
				CLANG_WARN_INT_CONVERSION = YES;
				CLANG_WARN_NON_LITERAL_NULL_CONVERSION = YES;
				CLANG_WARN_OBJC_IMPLICIT_RETAIN_SELF = YES;
				CLANG_WARN_OBJC_LITERAL_CONVERSION = YES;
				CLANG_WARN_OBJC_ROOT_CLASS = YES_ERROR;
				CLANG_WARN_QUOTED_INCLUDE_IN_FRAMEWORK_HEADER = YES;
				CLANG_WARN_RANGE_LOOP_ANALYSIS = YES;
				CLANG_WARN_STRICT_PROTOTYPES = YES;
				CLANG_WARN_SUSPICIOUS_MOVE = YES;
				CLANG_WARN_UNGUARDED_AVAILABILITY = YES_AGGRESSIVE;
				CLANG_WARN_UNREACHABLE_CODE = YES;
				CLANG_WARN__DUPLICATE_METHOD_MATCH = YES;
				COPY_PHASE_STRIP = NO;
				DEBUG_INFORMATION_FORMAT = "dwarf-with-dsym";
				ENABLE_NS_ASSERTIONS = NO;
				ENABLE_STRICT_OBJC_MSGSEND = YES;
				GCC_C_LANGUAGE_STANDARD = gnu11;
				GCC_NO_COMMON_BLOCKS = YES;
				GCC_WARN_64_TO_32_BIT_CONVERSION = YES;
				GCC_WARN_ABOUT_RETURN_TYPE = YES_ERROR;
				GCC_WARN_UNDECLARED_SELECTOR = YES;
				GCC_WARN_UNINITIALIZED_AUTOS = YES_AGGRESSIVE;
				GCC_WARN_UNUSED_FUNCTION = YES;
				GCC_WARN_UNUSED_VARIABLE = YES;
				IPHONEOS_DEPLOYMENT_TARGET = 16.0;
				MTL_ENABLE_DEBUG_INFO = NO;
				MTL_FAST_MATH = YES;
				SDKROOT = iphoneos;
				SWIFT_COMPILATION_MODE = wholemodule;
				SWIFT_OPTIMIZATION_LEVEL = "-O";
				VALIDATE_PRODUCT = YES;
			};
			name = Release;
		};
		519A95DA28E0B4CE001A1C74 /* Debug */ = {
			isa = XCBuildConfiguration;
			buildSettings = {
				ASSETCATALOG_COMPILER_APPICON_NAME = AppIcon;
				ASSETCATALOG_COMPILER_GLOBAL_ACCENT_COLOR_NAME = AccentColor;
				CODE_SIGN_STYLE = Automatic;
				CURRENT_PROJECT_VERSION = 1;
				DEVELOPMENT_ASSET_PATHS = "\"SpeakUp/Preview Content\"";
				DEVELOPMENT_TEAM = 3RCW2SSL8G;
				ENABLE_PREVIEWS = YES;
				GENERATE_INFOPLIST_FILE = YES;
				INFOPLIST_KEY_NSMicrophoneUsageDescription = "We need to record your voice memo.";
				INFOPLIST_KEY_NSSpeechRecognitionUsageDescription = "We need to transcribe your memo.";
				INFOPLIST_KEY_UIApplicationSceneManifest_Generation = YES;
				INFOPLIST_KEY_UIApplicationSupportsIndirectInputEvents = YES;
				INFOPLIST_KEY_UILaunchScreen_Generation = YES;
				INFOPLIST_KEY_UISupportedInterfaceOrientations_iPad = "UIInterfaceOrientationPortrait UIInterfaceOrientationPortraitUpsideDown UIInterfaceOrientationLandscapeLeft UIInterfaceOrientationLandscapeRight";
				INFOPLIST_KEY_UISupportedInterfaceOrientations_iPhone = "UIInterfaceOrientationPortrait UIInterfaceOrientationLandscapeLeft UIInterfaceOrientationLandscapeRight";
				LD_RUNPATH_SEARCH_PATHS = (
					"$(inherited)",
					"@executable_path/Frameworks",
				);
				MARKETING_VERSION = 1.0;
				PRODUCT_BUNDLE_IDENTIFIER = uk.hudson.SpeakUp;
				PRODUCT_NAME = "$(TARGET_NAME)";
				SWIFT_EMIT_LOC_STRINGS = YES;
				SWIFT_VERSION = 5.0;
				TARGETED_DEVICE_FAMILY = "1,2";
			};
			name = Debug;
		};
		519A95DB28E0B4CE001A1C74 /* Release */ = {
			isa = XCBuildConfiguration;
			buildSettings = {
				ASSETCATALOG_COMPILER_APPICON_NAME = AppIcon;
				ASSETCATALOG_COMPILER_GLOBAL_ACCENT_COLOR_NAME = AccentColor;
				CODE_SIGN_STYLE = Automatic;
				CURRENT_PROJECT_VERSION = 1;
				DEVELOPMENT_ASSET_PATHS = "\"SpeakUp/Preview Content\"";
				DEVELOPMENT_TEAM = 3RCW2SSL8G;
				ENABLE_PREVIEWS = YES;
				GENERATE_INFOPLIST_FILE = YES;
				INFOPLIST_KEY_NSMicrophoneUsageDescription = "We need to record your voice memo.";
				INFOPLIST_KEY_NSSpeechRecognitionUsageDescription = "We need to transcribe your memo.";
				INFOPLIST_KEY_UIApplicationSceneManifest_Generation = YES;
				INFOPLIST_KEY_UIApplicationSupportsIndirectInputEvents = YES;
				INFOPLIST_KEY_UILaunchScreen_Generation = YES;
				INFOPLIST_KEY_UISupportedInterfaceOrientations_iPad = "UIInterfaceOrientationPortrait UIInterfaceOrientationPortraitUpsideDown UIInterfaceOrientationLandscapeLeft UIInterfaceOrientationLandscapeRight";
				INFOPLIST_KEY_UISupportedInterfaceOrientations_iPhone = "UIInterfaceOrientationPortrait UIInterfaceOrientationLandscapeLeft UIInterfaceOrientationLandscapeRight";
				LD_RUNPATH_SEARCH_PATHS = (
					"$(inherited)",
					"@executable_path/Frameworks",
				);
				MARKETING_VERSION = 1.0;
				PRODUCT_BUNDLE_IDENTIFIER = uk.hudson.SpeakUp;
				PRODUCT_NAME = "$(TARGET_NAME)";
				SWIFT_EMIT_LOC_STRINGS = YES;
				SWIFT_VERSION = 5.0;
				TARGETED_DEVICE_FAMILY = "1,2";
			};
			name = Release;
		};
/* End XCBuildConfiguration section */

/* Begin XCConfigurationList section */
		519A95C628E0B4CD001A1C74 /* Build configuration list for PBXProject "SpeakUp" */ = {
			isa = XCConfigurationList;
			buildConfigurations = (
				519A95D728E0B4CE001A1C74 /* Debug */,
				519A95D828E0B4CE001A1C74 /* Release */,
			);
			defaultConfigurationIsVisible = 0;
			defaultConfigurationName = Release;
		};
		519A95D928E0B4CE001A1C74 /* Build configuration list for PBXNativeTarget "SpeakUp" */ = {
			isa = XCConfigurationList;
			buildConfigurations = (
				519A95DA28E0B4CE001A1C74 /* Debug */,
				519A95DB28E0B4CE001A1C74 /* Release */,
			);
			defaultConfigurationIsVisible = 0;
			defaultConfigurationName = Release;
		};
/* End XCConfigurationList section */
	};
	rootObject = 519A95C328E0B4CD001A1C74 /* Project object */;
}
